
Microsoft Visual Studio Solution File, Format Version 12.00
# Visual Studio Version 17
VisualStudioVersion = 17.5.33424.131
MinimumVisualStudioVersion = 10.0.40219.1
Project("{9A19103F-16F7-4668-BE54-9A1E7A4F7556}") = "WeatherBot", "WeatherBot\WeatherBot.csproj", "{4AA8278D-6480-4976-AEFA-0C9E5BC57D0A}"
EndProject
Global
	GlobalSection(SolutionConfigurationPlatforms) = preSolution
		Debug|Any CPU = Debug|Any CPU
		Release|Any CPU = Release|Any CPU
	EndGlobalSection
	GlobalSection(ProjectConfigurationPlatforms) = postSolution
		{4AA8278D-6480-4976-AEFA-0C9E5BC57D0A}.Debug|Any CPU.ActiveCfg = Debug|Any CPU
		{4AA8278D-6480-4976-AEFA-0C9E5BC57D0A}.Debug|Any CPU.Build.0 = Debug|Any CPU
		{4AA8278D-6480-4976-AEFA-0C9E5BC57D0A}.Debug|Any CPU.Deploy.0 = Debug|Any CPU
		{4AA8278D-6480-4976-AEFA-0C9E5BC57D0A}.Release|Any CPU.ActiveCfg = Release|Any CPU
		{4AA8278D-6480-4976-AEFA-0C9E5BC57D0A}.Release|Any CPU.Build.0 = Release|Any CPU
		{4AA8278D-6480-4976-AEFA-0C9E5BC57D0A}.Release|Any CPU.Deploy.0 = Release|Any CPU
	EndGlobalSection
	GlobalSection(SolutionProperties) = preSolution
		HideSolutionNode = FALSE
	EndGlobalSection
	GlobalSection(ExtensibilityGlobals) = postSolution
		SolutionGuid = {7137BAA2-69CD-4CEA-A9EF-7A50A96660F9}
	EndGlobalSection
EndGlobal
